
Microsoft Visual Studio Solution File, Format Version 12.00
# Visual Studio Version 17
VisualStudioVersion = 17.14.36109.1
MinimumVisualStudioVersion = 10.0.40219.1
Project("{FAE04EC0-301F-11D3-BF4B-00C04F79EFBC}") = "DTOs", "DTOs\DTOs.csproj", "{2290C118-529B-4F7A-83EC-F360446EF002}"
EndProject
Project("{2150E333-8FDC-42A3-9474-1A3956D46DE8}") = "0_DTOs", "0_DTOs", "{02EA681E-C7D8-13C7-8484-4AC65E1B71E8}"
EndProject
Project("{2150E333-8FDC-42A3-9474-1A3956D46DE8}") = "1_DataAccess", "1_DataAccess", "{2C76ED85-C75A-4405-AB8B-03076D39D44E}"
EndProject
Project("{FAE04EC0-301F-11D3-BF4B-00C04F79EFBC}") = "DataAccess", "DataAccess\DataAccess.csproj", "{E884CA26-39FF-4836-818F-1AAA60B0178F}"
EndProject
Project("{2150E333-8FDC-42A3-9474-1A3956D46DE8}") = "2_CoreApp", "2_CoreApp", "{37D435EB-823C-4F51-87BF-AE931BDD762D}"
EndProject
Project("{FAE04EC0-301F-11D3-BF4B-00C04F79EFBC}") = "CoreApp", "CoreApp\CoreApp.csproj", "{BF916938-830C-4AAB-B92C-CB735215F693}"
EndProject
Project("{2150E333-8FDC-42A3-9474-1A3956D46DE8}") = "3_Exception", "3_Exception", "{EB3ED2E2-CE15-4D90-B452-24B66FDA9B8F}"
EndProject
Project("{FAE04EC0-301F-11D3-BF4B-00C04F79EFBC}") = "ExceptionManager", "ExceptionManager\ExceptionManager.csproj", "{E8E16714-4A48-4DB7-A230-4736FCE399E1}"
EndProject
Project("{2150E333-8FDC-42A3-9474-1A3956D46DE8}") = "4_WepApi", "4_WepApi", "{FAEB0AA0-C301-49F9-B602-C5163F3B09D0}"
EndProject
Project("{FAE04EC0-301F-11D3-BF4B-00C04F79EFBC}") = "WebApi", "WebApi\WebApi.csproj", "{A3806CC8-E1BB-4878-88C7-CB5E0D479277}"
EndProject
Project("{2150E333-8FDC-42A3-9474-1A3956D46DE8}") = "5_WepApp", "5_WepApp", "{FC677087-61ED-4297-A90A-16145F2DDF6B}"
EndProject
Project("{FAE04EC0-301F-11D3-BF4B-00C04F79EFBC}") = "WepApp", "WepApp\WepApp.csproj", "{8986B332-BE07-497D-B0D6-995574BDF4A1}"
EndProject
Project("{2150E333-8FDC-42A3-9474-1A3956D46DE8}") = "99_Testing", "99_Testing", "{0A131DBF-8FBA-4D63-BD16-BD8524660E91}"
EndProject
Project("{FAE04EC0-301F-11D3-BF4B-00C04F79EFBC}") = "DevTester", "DevTester\DevTester.csproj", "{70EAF662-72B6-4684-83D7-3C80F18BE1B4}"
EndProject
Global
	GlobalSection(SolutionConfigurationPlatforms) = preSolution
		Debug|Any CPU = Debug|Any CPU
		Release|Any CPU = Release|Any CPU
	EndGlobalSection
	GlobalSection(ProjectConfigurationPlatforms) = postSolution
		{2290C118-529B-4F7A-83EC-F360446EF002}.Debug|Any CPU.ActiveCfg = Debug|Any CPU
		{2290C118-529B-4F7A-83EC-F360446EF002}.Debug|Any CPU.Build.0 = Debug|Any CPU
		{2290C118-529B-4F7A-83EC-F360446EF002}.Release|Any CPU.ActiveCfg = Release|Any CPU
		{2290C118-529B-4F7A-83EC-F360446EF002}.Release|Any CPU.Build.0 = Release|Any CPU
		{E884CA26-39FF-4836-818F-1AAA60B0178F}.Debug|Any CPU.ActiveCfg = Debug|Any CPU
		{E884CA26-39FF-4836-818F-1AAA60B0178F}.Debug|Any CPU.Build.0 = Debug|Any CPU
		{E884CA26-39FF-4836-818F-1AAA60B0178F}.Release|Any CPU.ActiveCfg = Release|Any CPU
		{E884CA26-39FF-4836-818F-1AAA60B0178F}.Release|Any CPU.Build.0 = Release|Any CPU
		{BF916938-830C-4AAB-B92C-CB735215F693}.Debug|Any CPU.ActiveCfg = Debug|Any CPU
		{BF916938-830C-4AAB-B92C-CB735215F693}.Debug|Any CPU.Build.0 = Debug|Any CPU
		{BF916938-830C-4AAB-B92C-CB735215F693}.Release|Any CPU.ActiveCfg = Release|Any CPU
		{BF916938-830C-4AAB-B92C-CB735215F693}.Release|Any CPU.Build.0 = Release|Any CPU
		{E8E16714-4A48-4DB7-A230-4736FCE399E1}.Debug|Any CPU.ActiveCfg = Debug|Any CPU
		{E8E16714-4A48-4DB7-A230-4736FCE399E1}.Debug|Any CPU.Build.0 = Debug|Any CPU
		{E8E16714-4A48-4DB7-A230-4736FCE399E1}.Release|Any CPU.ActiveCfg = Release|Any CPU
		{E8E16714-4A48-4DB7-A230-4736FCE399E1}.Release|Any CPU.Build.0 = Release|Any CPU
		{A3806CC8-E1BB-4878-88C7-CB5E0D479277}.Debug|Any CPU.ActiveCfg = Debug|Any CPU
		{A3806CC8-E1BB-4878-88C7-CB5E0D479277}.Debug|Any CPU.Build.0 = Debug|Any CPU
		{A3806CC8-E1BB-4878-88C7-CB5E0D479277}.Release|Any CPU.ActiveCfg = Release|Any CPU
		{A3806CC8-E1BB-4878-88C7-CB5E0D479277}.Release|Any CPU.Build.0 = Release|Any CPU
		{8986B332-BE07-497D-B0D6-995574BDF4A1}.Debug|Any CPU.ActiveCfg = Debug|Any CPU
		{8986B332-BE07-497D-B0D6-995574BDF4A1}.Debug|Any CPU.Build.0 = Debug|Any CPU
		{8986B332-BE07-497D-B0D6-995574BDF4A1}.Release|Any CPU.ActiveCfg = Release|Any CPU
		{8986B332-BE07-497D-B0D6-995574BDF4A1}.Release|Any CPU.Build.0 = Release|Any CPU
		{70EAF662-72B6-4684-83D7-3C80F18BE1B4}.Debug|Any CPU.ActiveCfg = Debug|Any CPU
		{70EAF662-72B6-4684-83D7-3C80F18BE1B4}.Debug|Any CPU.Build.0 = Debug|Any CPU
		{70EAF662-72B6-4684-83D7-3C80F18BE1B4}.Release|Any CPU.ActiveCfg = Release|Any CPU
		{70EAF662-72B6-4684-83D7-3C80F18BE1B4}.Release|Any CPU.Build.0 = Release|Any CPU
	EndGlobalSection
	GlobalSection(SolutionProperties) = preSolution
		HideSolutionNode = FALSE
	EndGlobalSection
	GlobalSection(NestedProjects) = preSolution
		{2290C118-529B-4F7A-83EC-F360446EF002} = {02EA681E-C7D8-13C7-8484-4AC65E1B71E8}
		{E884CA26-39FF-4836-818F-1AAA60B0178F} = {2C76ED85-C75A-4405-AB8B-03076D39D44E}
		{BF916938-830C-4AAB-B92C-CB735215F693} = {37D435EB-823C-4F51-87BF-AE931BDD762D}
		{E8E16714-4A48-4DB7-A230-4736FCE399E1} = {EB3ED2E2-CE15-4D90-B452-24B66FDA9B8F}
		{FAEB0AA0-C301-49F9-B602-C5163F3B09D0} = {FC677087-61ED-4297-A90A-16145F2DDF6B}
		{A3806CC8-E1BB-4878-88C7-CB5E0D479277} = {FAEB0AA0-C301-49F9-B602-C5163F3B09D0}
		{8986B332-BE07-497D-B0D6-995574BDF4A1} = {FC677087-61ED-4297-A90A-16145F2DDF6B}
		{70EAF662-72B6-4684-83D7-3C80F18BE1B4} = {0A131DBF-8FBA-4D63-BD16-BD8524660E91}
	EndGlobalSection
	GlobalSection(ExtensibilityGlobals) = postSolution
		SolutionGuid = {5FA63A35-DF21-4077-877F-A7209E3570CE}
	EndGlobalSection
EndGlobal
